Microsoft Visual Studio Solution File, Format Version 12.00
# Visual Studio Version 17
VisualStudioVersion = 17.5.2.0
MinimumVisualStudioVersion = 10.0.40219.1
Project("{FAE04EC0-301F-11D3-BF4B-00C04F79EFBC}") = "Tac-Tickle", "Tac-Tickle.csproj", "{F88526A3-3EF7-2DA8-46A3-C8640ECA607C}"
EndProject
Global
	GlobalSection(SolutionConfigurationPlatforms) = preSolution
		Debug|Any CPU = Debug|Any CPU
		Release|Any CPU = Release|Any CPU
	EndGlobalSection
	GlobalSection(ProjectConfigurationPlatforms) = postSolution
		{F88526A3-3EF7-2DA8-46A3-C8640ECA607C}.Debug|Any CPU.ActiveCfg = Debug|Any CPU
		{F88526A3-3EF7-2DA8-46A3-C8640ECA607C}.Debug|Any CPU.Build.0 = Debug|Any CPU
		{F88526A3-3EF7-2DA8-46A3-C8640ECA607C}.Release|Any CPU.ActiveCfg = Release|Any CPU
		{F88526A3-3EF7-2DA8-46A3-C8640ECA607C}.Release|Any CPU.Build.0 = Release|Any CPU
	EndGlobalSection
	GlobalSection(SolutionProperties) = preSolution
		HideSolutionNode = FALSE
	EndGlobalSection
	GlobalSection(ExtensibilityGlobals) = postSolution
		SolutionGuid = {8AD2E738-5D59-4132-A776-F7A14F45BF8F}
	EndGlobalSection
EndGlobal
